// !$*UTF8*$!
{
	archiveVersion = 1;
	classes = {
	};
	objectVersion = 46;
	objects = {

/* Begin PBXBuildFile section */
		763945BD1E6D922000562AD6 /* main.m in Sources */ = {isa = PBXBuildFile; fileRef = 763945BC1E6D922000562AD6 /* main.m */; };
		763945C01E6D922000562AD6 /* AppDelegate.m in Sources */ = {isa = PBXBuildFile; fileRef = 763945BF1E6D922000562AD6 /* AppDelegate.m */; };
		763945C31E6D922000562AD6 /* ViewController.m in Sources */ = {isa = PBXBuildFile; fileRef = 763945C21E6D922000562AD6 /* ViewController.m */; };
		763945C61E6D922000562AD6 /* Main.storyboard in Resources */ = {isa = PBXBuildFile; fileRef = 763945C41E6D922000562AD6 /* Main.storyboard */; };
		763945C81E6D922000562AD6 /* Assets.xcassets in Resources */ = {isa = PBXBuildFile; fileRef = 763945C71E6D922000562AD6 /* Assets.xcassets */; };
		763945CB1E6D922000562AD6 /* LaunchScreen.storyboard in Resources */ = {isa = PBXBuildFile; fileRef = 763945C91E6D922000562AD6 /* LaunchScreen.storyboard */; };
		763945D61E6D922000562AD6 /* CompositePatternTests.m in Sources */ = {isa = PBXBuildFile; fileRef = 763945D51E6D922000562AD6 /* CompositePatternTests.m */; };
		763945E11E6D922000562AD6 /* CompositePatternUITests.m in Sources */ = {isa = PBXBuildFile; fileRef = 763945E01E6D922000562AD6 /* CompositePatternUITests.m */; };
		763945F01E6D923A00562AD6 /* File.m in Sources */ = {isa = PBXBuildFile; fileRef = 763945EF1E6D923A00562AD6 /* File.m */; };
		763945F31E6D947500562AD6 /* FileCell.m in Sources */ = {isa = PBXBuildFile; fileRef = 763945F21E6D947500562AD6 /* FileCell.m */; };
		763945FC1E6D955400562AD6 /* FileViewController.m in Sources */ = {isa = PBXBuildFile; fileRef = 763945FB1E6D955400562AD6 /* FileViewController.m */; };
		763945FE1E6D958A00562AD6 /* File@2x.png in Resources */ = {isa = PBXBuildFile; fileRef = 763945FD1E6D958A00562AD6 /* File@2x.png */; };
		763946001E6D959000562AD6 /* Folder@2x.png in Resources */ = {isa = PBXBuildFile; fileRef = 763945FF1E6D959000562AD6 /* Folder@2x.png */; };
		763946021E6D959900562AD6 /* 文件夹系统.png in Resources */ = {isa = PBXBuildFile; fileRef = 763946011E6D959900562AD6 /* 文件夹系统.png */; };
/* End PBXBuildFile section */

/* Begin PBXContainerItemProxy section */
		763945D21E6D922000562AD6 /* PBXContainerItemProxy */ = {
			isa = PBXContainerItemProxy;
			containerPortal = 763945B01E6D922000562AD6 /* Project object */;
			proxyType = 1;
			remoteGlobalIDString = 763945B71E6D922000562AD6;
			remoteInfo = CompositePattern;
		};
		763945DD1E6D922000562AD6 /* PBXContainerItemProxy */ = {
			isa = PBXContainerItemProxy;
			containerPortal = 763945B01E6D922000562AD6 /* Project object */;
			proxyType = 1;
			remoteGlobalIDString = 763945B71E6D922000562AD6;
			remoteInfo = CompositePattern;
		};
/* End PBXContainerItemProxy section */

/* Begin PBXFileReference section */
		763945B81E6D922000562AD6 /* CompositePattern.app */ = {isa = PBXFileReference; explicitFileType = wrapper.application; includeInIndex = 0; path = CompositePattern.app; sourceTree = BUILT_PRODUCTS_DIR; };
		763945BC1E6D922000562AD6 /* main.m */ = {isa = PBXFileReference; lastKnownFileType = sourcecode.c.objc; path = main.m; sourceTree = "<group>"; };
		763945BE1E6D922000562AD6 /* AppDelegate.h */ = {isa = PBXFileReference; lastKnownFileType = sourcecode.c.h; path = AppDelegate.h; sourceTree = "<group>"; };
		763945BF1E6D922000562AD6 /* AppDelegate.m */ = {isa = PBXFileReference; lastKnownFileType = sourcecode.c.objc; path = AppDelegate.m; sourceTree = "<group>"; };
		763945C11E6D922000562AD6 /* ViewController.h */ = {isa = PBXFileReference; lastKnownFileType = sourcecode.c.h; path = ViewController.h; sourceTree = "<group>"; };
		763945C21E6D922000562AD6 /* ViewController.m */ = {isa = PBXFileReference; lastKnownFileType = sourcecode.c.objc; path = ViewController.m; sourceTree = "<group>"; };
		763945C51E6D922000562AD6 /* Base */ = {isa = PBXFileReference; lastKnownFileType = file.storyboard; name = Base; path = Base.lproj/Main.storyboard; sourceTree = "<group>"; };
		763945C71E6D922000562AD6 /* Assets.xcassets */ = {isa = PBXFileReference; lastKnownFileType = folder.assetcatalog; path = Assets.xcassets; sourceTree = "<group>"; };
		763945CA1E6D922000562AD6 /* Base */ = {isa = PBXFileReference; lastKnownFileType = file.storyboard; name = Base; path = Base.lproj/LaunchScreen.storyboard; sourceTree = "<group>"; };
		763945CC1E6D922000562AD6 /* Info.plist */ = {isa = PBXFileReference; lastKnownFileType = text.plist.xml; path = Info.plist; sourceTree = "<group>"; };
		763945D11E6D922000562AD6 /* CompositePatternTests.xctest */ = {isa = PBXFileReference; explicitFileType = wrapper.cfbundle; includeInIndex = 0; path = CompositePatternTests.xctest; sourceTree = BUILT_PRODUCTS_DIR; };
		763945D51E6D922000562AD6 /* CompositePatternTests.m */ = {isa = PBXFileReference; lastKnownFileType = sourcecode.c.objc; path = CompositePatternTests.m; sourceTree = "<group>"; };
		763945D71E6D922000562AD6 /* Info.plist */ = {isa = PBXFileReference; lastKnownFileType = text.plist.xml; path = Info.plist; sourceTree = "<group>"; };
		763945DC1E6D922000562AD6 /* CompositePatternUITests.xctest */ = {isa = PBXFileReference; explicitFileType = wrapper.cfbundle; includeInIndex = 0; path = CompositePatternUITests.xctest; sourceTree = BUILT_PRODUCTS_DIR; };
		763945E01E6D922000562AD6 /* CompositePatternUITests.m */ = {isa = PBXFileReference; lastKnownFileType = sourcecode.c.objc; path = CompositePatternUITests.m; sourceTree = "<group>"; };
		763945E21E6D922000562AD6 /* Info.plist */ = {isa = PBXFileReference; lastKnownFileType = text.plist.xml; path = Info.plist; sourceTree = "<group>"; };
		763945EE1E6D923A00562AD6 /* File.h */ = {isa = PBXFileReference; fileEncoding = 4; lastKnownFileType = sourcecode.c.h; path = File.h; sourceTree = "<group>"; };
		763945EF1E6D923A00562AD6 /* File.m */ = {isa = PBXFileReference; fileEncoding = 4; lastKnownFileType = sourcecode.c.objc; path = File.m; sourceTree = "<group>"; };
		763945F11E6D947500562AD6 /* FileCell.h */ = {isa = PBXFileReference; fileEncoding = 4; lastKnownFileType = sourcecode.c.h; path = FileCell.h; sourceTree = "<group>"; };
		763945F21E6D947500562AD6 /* FileCell.m */ = {isa = PBXFileReference; fileEncoding = 4; lastKnownFileType = sourcecode.c.objc; path = FileCell.m; sourceTree = "<group>"; };
		763945FA1E6D955400562AD6 /* FileViewController.h */ = {isa = PBXFileReference; fileEncoding = 4; lastKnownFileType = sourcecode.c.h; path = FileViewController.h; sourceTree = "<group>"; };
		763945FB1E6D955400562AD6 /* FileViewController.m */ = {isa = PBXFileReference; fileEncoding = 4; lastKnownFileType = sourcecode.c.objc; path = FileViewController.m; sourceTree = "<group>"; };
		763945FD1E6D958A00562AD6 /* File@2x.png */ = {isa = PBXFileReference; lastKnownFileType = image.png; path = "File@2x.png"; sourceTree = "<group>"; };
		763945FF1E6D959000562AD6 /* Folder@2x.png */ = {isa = PBXFileReference; lastKnownFileType = image.png; path = "Folder@2x.png"; sourceTree = "<group>"; };
		763946011E6D959900562AD6 /* 文件夹系统.png */ = {isa = PBXFileReference; lastKnownFileType = image.png; path = "文件夹系统.png"; sourceTree = "<group>"; };
/* End PBXFileReference section */

/* Begin PBXFrameworksBuildPhase section */
		763945B51E6D922000562AD6 /* Frameworks */ = {
			isa = PBXFrameworksBuildPhase;
			buildActionMask = 2147483647;
			files = (
			);
			runOnlyForDeploymentPostprocessing = 0;
		};
		763945CE1E6D922000562AD6 /* Frameworks */ = {
			isa = PBXFrameworksBuildPhase;
			buildActionMask = 2147483647;
			files = (
			);
			runOnlyForDeploymentPostprocessing = 0;
		};
		763945D91E6D922000562AD6 /* Frameworks */ = {
			isa = PBXFrameworksBuildPhase;
			buildActionMask = 2147483647;
			files = (
			);
			runOnlyForDeploymentPostprocessing = 0;
		};
/* End PBXFrameworksBuildPhase section */

/* Begin PBXGroup section */
		763945AF1E6D922000562AD6 = {
			isa = PBXGroup;
			children = (
				763945BA1E6D922000562AD6 /* CompositePattern */,
				763945D41E6D922000562AD6 /* CompositePatternTests */,
				763945DF1E6D922000562AD6 /* CompositePatternUITests */,
				763945B91E6D922000562AD6 /* Products */,
			);
			sourceTree = "<group>";
		};
		763945B91E6D922000562AD6 /* Products */ = {
			isa = PBXGroup;
			children = (
				763945B81E6D922000562AD6 /* CompositePattern.app */,
				763945D11E6D922000562AD6 /* CompositePatternTests.xctest */,
				763945DC1E6D922000562AD6 /* CompositePatternUITests.xctest */,
			);
			name = Products;
			sourceTree = "<group>";
		};
		763945BA1E6D922000562AD6 /* CompositePattern */ = {
			isa = PBXGroup;
			children = (
				763945FD1E6D958A00562AD6 /* File@2x.png */,
				763945FF1E6D959000562AD6 /* Folder@2x.png */,
				763946011E6D959900562AD6 /* 文件夹系统.png */,
				763945BE1E6D922000562AD6 /* AppDelegate.h */,
				763945BF1E6D922000562AD6 /* AppDelegate.m */,
				763945C11E6D922000562AD6 /* ViewController.h */,
				763945C21E6D922000562AD6 /* ViewController.m */,
				763945FA1E6D955400562AD6 /* FileViewController.h */,
				763945FB1E6D955400562AD6 /* FileViewController.m */,
				763945EE1E6D923A00562AD6 /* File.h */,
				763945EF1E6D923A00562AD6 /* File.m */,
				763945F11E6D947500562AD6 /* FileCell.h */,
				763945F21E6D947500562AD6 /* FileCell.m */,
				763945C41E6D922000562AD6 /* Main.storyboard */,
				763945C71E6D922000562AD6 /* Assets.xcassets */,
				763945C91E6D922000562AD6 /* LaunchScreen.storyboard */,
				763945CC1E6D922000562AD6 /* Info.plist */,
				763945BB1E6D922000562AD6 /* Supporting Files */,
			);
			path = CompositePattern;
			sourceTree = "<group>";
		};
		763945BB1E6D922000562AD6 /* Supporting Files */ = {
			isa = PBXGroup;
			children = (
				763945BC1E6D922000562AD6 /* main.m */,
			);
			name = "Supporting Files";
			sourceTree = "<group>";
		};
		763945D41E6D922000562AD6 /* CompositePatternTests */ = {
			isa = PBXGroup;
			children = (
				763945D51E6D922000562AD6 /* CompositePatternTests.m */,
				763945D71E6D922000562AD6 /* Info.plist */,
			);
			path = CompositePatternTests;
			sourceTree = "<group>";
		};
		763945DF1E6D922000562AD6 /* CompositePatternUITests */ = {
			isa = PBXGroup;
			children = (
				763945E01E6D922000562AD6 /* CompositePatternUITests.m */,
				763945E21E6D922000562AD6 /* Info.plist */,
			);
			path = CompositePatternUITests;
			sourceTree = "<group>";
		};
/* End PBXGroup section */

/* Begin PBXNativeTarget section */
		763945B71E6D922000562AD6 /* CompositePattern */ = {
			isa = PBXNativeTarget;
			buildConfigurationList = 763945E51E6D922000562AD6 /* Build configuration list for PBXNativeTarget "CompositePattern" */;
			buildPhases = (
				763945B41E6D922000562AD6 /* Sources */,
				763945B51E6D922000562AD6 /* Frameworks */,
				763945B61E6D922000562AD6 /* Resources */,
			);
			buildRules = (
			);
			dependencies = (
			);
			name = CompositePattern;
			productName = CompositePattern;
			productReference = 763945B81E6D922000562AD6 /* CompositePattern.app */;
			productType = "com.apple.product-type.application";
		};
		763945D01E6D922000562AD6 /* CompositePatternTests */ = {
			isa = PBXNativeTarget;
			buildConfigurationList = 763945E81E6D922000562AD6 /* Build configuration list for PBXNativeTarget "CompositePatternTests" */;
			buildPhases = (
				763945CD1E6D922000562AD6 /* Sources */,
				763945CE1E6D922000562AD6 /* Frameworks */,
				763945CF1E6D922000562AD6 /* Resources */,
			);
			buildRules = (
			);
			dependencies = (
				763945D31E6D922000562AD6 /* PBXTargetDependency */,
			);
			name = CompositePatternTests;
			productName = CompositePatternTests;
			productReference = 763945D11E6D922000562AD6 /* CompositePatternTests.xctest */;
			productType = "com.apple.product-type.bundle.unit-test";
		};
		763945DB1E6D922000562AD6 /* CompositePatternUITests */ = {
			isa = PBXNativeTarget;
			buildConfigurationList = 763945EB1E6D922000562AD6 /* Build configuration list for PBXNativeTarget "CompositePatternUITests" */;
			buildPhases = (
				763945D81E6D922000562AD6 /* Sources */,
				763945D91E6D922000562AD6 /* Frameworks */,
				763945DA1E6D922000562AD6 /* Resources */,
			);
			buildRules = (
			);
			dependencies = (
				763945DE1E6D922000562AD6 /* PBXTargetDependency */,
			);
			name = CompositePatternUITests;
			productName = CompositePatternUITests;
			productReference = 763945DC1E6D922000562AD6 /* CompositePatternUITests.xctest */;
			productType = "com.apple.product-type.bundle.ui-testing";
		};
/* End PBXNativeTarget section */

/* Begin PBXProject section */
		763945B01E6D922000562AD6 /* Project object */ = {
			isa = PBXProject;
			attributes = {
				LastUpgradeCheck = 0820;
				ORGANIZATIONNAME = wupeng;
				TargetAttributes = {
					763945B71E6D922000562AD6 = {
						CreatedOnToolsVersion = 8.2.1;
						ProvisioningStyle = Automatic;
					};
					763945D01E6D922000562AD6 = {
						CreatedOnToolsVersion = 8.2.1;
						ProvisioningStyle = Automatic;
						TestTargetID = 763945B71E6D922000562AD6;
					};
					763945DB1E6D922000562AD6 = {
						CreatedOnToolsVersion = 8.2.1;
						ProvisioningStyle = Automatic;
						TestTargetID = 763945B71E6D922000562AD6;
					};
				};
			};
			buildConfigurationList = 763945B31E6D922000562AD6 /* Build configuration list for PBXProject "CompositePattern" */;
			compatibilityVersion = "Xcode 3.2";
			developmentRegion = English;
			hasScannedForEncodings = 0;
			knownRegions = (
				en,
				Base,
			);
			mainGroup = 763945AF1E6D922000562AD6;
			productRefGroup = 763945B91E6D922000562AD6 /* Products */;
			projectDirPath = "";
			projectRoot = "";
			targets = (
				763945B71E6D922000562AD6 /* CompositePattern */,
				763945D01E6D922000562AD6 /* CompositePatternTests */,
				763945DB1E6D922000562AD6 /* CompositePatternUITests */,
			);
		};
/* End PBXProject section */

/* Begin PBXResourcesBuildPhase section */
		763945B61E6D922000562AD6 /* Resources */ = {
			isa = PBXResourcesBuildPhase;
			buildActionMask = 2147483647;
			files = (
				763946001E6D959000562AD6 /* Folder@2x.png in Resources */,
				763945FE1E6D958A00562AD6 /* File@2x.png in Resources */,
				763945CB1E6D922000562AD6 /* LaunchScreen.storyboard in Resources */,
				763945C81E6D922000562AD6 /* Assets.xcassets in Resources */,
				763946021E6D959900562AD6 /* 文件夹系统.png in Resources */,
				763945C61E6D922000562AD6 /* Main.storyboard in Resources */,
			);
			runOnlyForDeploymentPostprocessing = 0;
		};
		763945CF1E6D922000562AD6 /* Resources */ = {
			isa = PBXResourcesBuildPhase;
			buildActionMask = 2147483647;
			files = (
			);
			runOnlyForDeploymentPostprocessing = 0;
		};
		763945DA1E6D922000562AD6 /* Resources */ = {
			isa = PBXResourcesBuildPhase;
			buildActionMask = 2147483647;
			files = (
			);
			runOnlyForDeploymentPostprocessing = 0;
		};
/* End PBXResourcesBuildPhase section */

/* Begin PBXSourcesBuildPhase section */
		763945B41E6D922000562AD6 /* Sources */ = {
			isa = PBXSourcesBuildPhase;
			buildActionMask = 2147483647;
			files = (
				763945F31E6D947500562AD6 /* FileCell.m in Sources */,
				763945C31E6D922000562AD6 /* ViewController.m in Sources */,
				763945F01E6D923A00562AD6 /* File.m in Sources */,
				763945C01E6D922000562AD6 /* AppDelegate.m in Sources */,
				763945BD1E6D922000562AD6 /* main.m in Sources */,
				763945FC1E6D955400562AD6 /* FileViewController.m in Sources */,
			);
			runOnlyForDeploymentPostprocessing = 0;
		};
		763945CD1E6D922000562AD6 /* Sources */ = {
			isa = PBXSourcesBuildPhase;
			buildActionMask = 2147483647;
			files = (
				763945D61E6D922000562AD6 /* CompositePatternTests.m in Sources */,
			);
			runOnlyForDeploymentPostprocessing = 0;
		};
		763945D81E6D922000562AD6 /* Sources */ = {
			isa = PBXSourcesBuildPhase;
			buildActionMask = 2147483647;
			files = (
				763945E11E6D922000562AD6 /* CompositePatternUITests.m in Sources */,
			);
			runOnlyForDeploymentPostprocessing = 0;
		};
/* End PBXSourcesBuildPhase section */

/* Begin PBXTargetDependency section */
		763945D31E6D922000562AD6 /* PBXTargetDependency */ = {
			isa = PBXTargetDependency;
			target = 763945B71E6D922000562AD6 /* CompositePattern */;
			targetProxy = 763945D21E6D922000562AD6 /* PBXContainerItemProxy */;
		};
		763945DE1E6D922000562AD6 /* PBXTargetDependency */ = {
			isa = PBXTargetDependency;
			target = 763945B71E6D922000562AD6 /* CompositePattern */;
			targetProxy = 763945DD1E6D922000562AD6 /* PBXContainerItemProxy */;
		};
/* End PBXTargetDependency section */

/* Begin PBXVariantGroup section */
		763945C41E6D922000562AD6 /* Main.storyboard */ = {
			isa = PBXVariantGroup;
			children = (
				763945C51E6D922000562AD6 /* Base */,
			);
			name = Main.storyboard;
			sourceTree = "<group>";
		};
		763945C91E6D922000562AD6 /* LaunchScreen.storyboard */ = {
			isa = PBXVariantGroup;
			children = (
				763945CA1E6D922000562AD6 /* Base */,
			);
			name = LaunchScreen.storyboard;
			sourceTree = "<group>";
		};
/* End PBXVariantGroup section */

/* Begin XCBuildConfiguration section */
		763945E31E6D922000562AD6 /* Debug */ = {
			isa = XCBuildConfiguration;
			buildSettings = {
				ALWAYS_SEARCH_USER_PATHS = NO;
				CLANG_ANALYZER_NONNULL = YES;
				CLANG_CXX_LANGUAGE_STANDARD = "gnu++0x";
				CLANG_CXX_LIBRARY = "libc++";
				CLANG_ENABLE_MODULES = YES;
				CLANG_ENABLE_OBJC_ARC = YES;
				CLANG_WARN_BOOL_CONVERSION = YES;
				CLANG_WARN_CONSTANT_CONVERSION = YES;
				CLANG_WARN_DIRECT_OBJC_ISA_USAGE = YES_ERROR;
				CLANG_WARN_DOCUMENTATION_COMMENTS = YES;
				CLANG_WARN_EMPTY_BODY = YES;
				CLANG_WARN_ENUM_CONVERSION = YES;
				CLANG_WARN_INFINITE_RECURSION = YES;
				CLANG_WARN_INT_CONVERSION = YES;
				CLANG_WARN_OBJC_ROOT_CLASS = YES_ERROR;
				CLANG_WARN_SUSPICIOUS_MOVE = YES;
				CLANG_WARN_UNREACHABLE_CODE = YES;
				CLANG_WARN__DUPLICATE_METHOD_MATCH = YES;
				"CODE_SIGN_IDENTITY[sdk=iphoneos*]" = "iPhone Developer";
				COPY_PHASE_STRIP = NO;
				DEBUG_INFORMATION_FORMAT = dwarf;
				ENABLE_STRICT_OBJC_MSGSEND = YES;
				ENABLE_TESTABILITY = YES;
				GCC_C_LANGUAGE_STANDARD = gnu99;
				GCC_DYNAMIC_NO_PIC = NO;
				GCC_NO_COMMON_BLOCKS = YES;
				GCC_OPTIMIZATION_LEVEL = 0;
				GCC_PREPROCESSOR_DEFINITIONS = (
					"DEBUG=1",
					"$(inherited)",
				);
				GCC_WARN_64_TO_32_BIT_CONVERSION = YES;
				GCC_WARN_ABOUT_RETURN_TYPE = YES_ERROR;
				GCC_WARN_UNDECLARED_SELECTOR = YES;
				GCC_WARN_UNINITIALIZED_AUTOS = YES_AGGRESSIVE;
				GCC_WARN_UNUSED_FUNCTION = YES;
				GCC_WARN_UNUSED_VARIABLE = YES;
				IPHONEOS_DEPLOYMENT_TARGET = 10.2;
				MTL_ENABLE_DEBUG_INFO = YES;
				ONLY_ACTIVE_ARCH = YES;
				SDKROOT = iphoneos;
			};
			name = Debug;
		};
		763945E41E6D922000562AD6 /* Release */ = {
			isa = XCBuildConfiguration;
			buildSettings = {
				ALWAYS_SEARCH_USER_PATHS = NO;
				CLANG_ANALYZER_NONNULL = YES;
				CLANG_CXX_LANGUAGE_STANDARD = "gnu++0x";
				CLANG_CXX_LIBRARY = "libc++";
				CLANG_ENABLE_MODULES = YES;
				CLANG_ENABLE_OBJC_ARC = YES;
				CLANG_WARN_BOOL_CONVERSION = YES;
				CLANG_WARN_CONSTANT_CONVERSION = YES;
				CLANG_WARN_DIRECT_OBJC_ISA_USAGE = YES_ERROR;
				CLANG_WARN_DOCUMENTATION_COMMENTS = YES;
				CLANG_WARN_EMPTY_BODY = YES;
				CLANG_WARN_ENUM_CONVERSION = YES;
				CLANG_WARN_INFINITE_RECURSION = YES;
				CLANG_WARN_INT_CONVERSION = YES;
				CLANG_WARN_OBJC_ROOT_CLASS = YES_ERROR;
				CLANG_WARN_SUSPICIOUS_MOVE = YES;
				CLANG_WARN_UNREACHABLE_CODE = YES;
				CLANG_WARN__DUPLICATE_METHOD_MATCH = YES;
				"CODE_SIGN_IDENTITY[sdk=iphoneos*]" = "iPhone Developer";
				COPY_PHASE_STRIP = NO;
				DEBUG_INFORMATION_FORMAT = "dwarf-with-dsym";
				ENABLE_NS_ASSERTIONS = NO;
				ENABLE_STRICT_OBJC_MSGSEND = YES;
				GCC_C_LANGUAGE_STANDARD = gnu99;
				GCC_NO_COMMON_BLOCKS = YES;
				GCC_WARN_64_TO_32_BIT_CONVERSION = YES;
				GCC_WARN_ABOUT_RETURN_TYPE = YES_ERROR;
				GCC_WARN_UNDECLARED_SELECTOR = YES;
				GCC_WARN_UNINITIALIZED_AUTOS = YES_AGGRESSIVE;
				GCC_WARN_UNUSED_FUNCTION = YES;
				GCC_WARN_UNUSED_VARIABLE = YES;
				IPHONEOS_DEPLOYMENT_TARGET = 10.2;
				MTL_ENABLE_DEBUG_INFO = NO;
				SDKROOT = iphoneos;
				VALIDATE_PRODUCT = YES;
			};
			name = Release;
		};
		763945E61E6D922000562AD6 /* Debug */ = {
			isa = XCBuildConfiguration;
			buildSettings = {
				ASSETCATALOG_COMPILER_APPICON_NAME = AppIcon;
				INFOPLIST_FILE = CompositePattern/Info.plist;
				LD_RUNPATH_SEARCH_PATHS = "$(inherited) @executable_path/Frameworks";
				PRODUCT_BUNDLE_IDENTIFIER = wp.CompositePattern;
				PRODUCT_NAME = "$(TARGET_NAME)";
			};
			name = Debug;
		};
		763945E71E6D922000562AD6 /* Release */ = {
			isa = XCBuildConfiguration;
			buildSettings = {
				ASSETCATALOG_COMPILER_APPICON_NAME = AppIcon;
				INFOPLIST_FILE = CompositePattern/Info.plist;
				LD_RUNPATH_SEARCH_PATHS = "$(inherited) @executable_path/Frameworks";
				PRODUCT_BUNDLE_IDENTIFIER = wp.CompositePattern;
				PRODUCT_NAME = "$(TARGET_NAME)";
			};
			name = Release;
		};
		763945E91E6D922000562AD6 /* Debug */ = {
			isa = XCBuildConfiguration;
			buildSettings = {
				BUNDLE_LOADER = "$(TEST_HOST)";
				INFOPLIST_FILE = CompositePatternTests/Info.plist;
				LD_RUNPATH_SEARCH_PATHS = "$(inherited) @executable_path/Frameworks @loader_path/Frameworks";
				PRODUCT_BUNDLE_IDENTIFIER = wp.CompositePatternTests;
				PRODUCT_NAME = "$(TARGET_NAME)";
				TEST_HOST = "$(BUILT_PRODUCTS_DIR)/CompositePattern.app/CompositePattern";
			};
			name = Debug;
		};
		763945EA1E6D922000562AD6 /* Release */ = {
			isa = XCBuildConfiguration;
			buildSettings = {
				BUNDLE_LOADER = "$(TEST_HOST)";
				INFOPLIST_FILE = CompositePatternTests/Info.plist;
				LD_RUNPATH_SEARCH_PATHS = "$(inherited) @executable_path/Frameworks @loader_path/Frameworks";
				PRODUCT_BUNDLE_IDENTIFIER = wp.CompositePatternTests;
				PRODUCT_NAME = "$(TARGET_NAME)";
				TEST_HOST = "$(BUILT_PRODUCTS_DIR)/CompositePattern.app/CompositePattern";
			};
			name = Release;
		};
		763945EC1E6D922000562AD6 /* Debug */ = {
			isa = XCBuildConfiguration;
			buildSettings = {
				INFOPLIST_FILE = CompositePatternUITests/Info.plist;
				LD_RUNPATH_SEARCH_PATHS = "$(inherited) @executable_path/Frameworks @loader_path/Frameworks";
				PRODUCT_BUNDLE_IDENTIFIER = wp.CompositePatternUITests;
				PRODUCT_NAME = "$(TARGET_NAME)";
				TEST_TARGET_NAME = CompositePattern;
			};
			name = Debug;
		};
		763945ED1E6D922000562AD6 /* Release */ = {
			isa = XCBuildConfiguration;
			buildSettings = {
				INFOPLIST_FILE = CompositePatternUITests/Info.plist;
				LD_RUNPATH_SEARCH_PATHS = "$(inherited) @executable_path/Frameworks @loader_path/Frameworks";
				PRODUCT_BUNDLE_IDENTIFIER = wp.CompositePatternUITests;
				PRODUCT_NAME = "$(TARGET_NAME)";
				TEST_TARGET_NAME = CompositePattern;
			};
			name = Release;
		};
/* End XCBuildConfiguration section */

/* Begin XCConfigurationList section */
		763945B31E6D922000562AD6 /* Build configuration list for PBXProject "CompositePattern" */ = {
			isa = XCConfigurationList;
			buildConfigurations = (
				763945E31E6D922000562AD6 /* Debug */,
				763945E41E6D922000562AD6 /* Release */,
			);
			defaultConfigurationIsVisible = 0;
			defaultConfigurationName = Release;
		};
		763945E51E6D922000562AD6 /* Build configuration list for PBXNativeTarget "CompositePattern" */ = {
			isa = XCConfigurationList;
			buildConfigurations = (
				763945E61E6D922000562AD6 /* Debug */,
				763945E71E6D922000562AD6 /* Release */,
			);
			defaultConfigurationIsVisible = 0;
		};
		763945E81E6D922000562AD6 /* Build configuration list for PBXNativeTarget "CompositePatternTests" */ = {
			isa = XCConfigurationList;
			buildConfigurations = (
				763945E91E6D922000562AD6 /* Debug */,
				763945EA1E6D922000562AD6 /* Release */,
			);
			defaultConfigurationIsVisible = 0;
		};
		763945EB1E6D922000562AD6 /* Build configuration list for PBXNativeTarget "CompositePatternUITests" */ = {
			isa = XCConfigurationList;
			buildConfigurations = (
				763945EC1E6D922000562AD6 /* Debug */,
				763945ED1E6D922000562AD6 /* Release */,
			);
			defaultConfigurationIsVisible = 0;
		};
/* End XCConfigurationList section */
	};
	rootObject = 763945B01E6D922000562AD6 /* Project object */;
}
